
Microsoft Visual Studio Solution File, Format Version 12.00
# Visual Studio Version 17
VisualStudioVersion = 17.2.32602.215
MinimumVisualStudioVersion = 10.0.40219.1
Project("{8BC9CEB8-8B4A-11D0-8D11-00A0C91BC942}") = "RayTracing", "RayTracing.vcxproj", "{3A23D353-E7EA-497D-8024-8B3BD3D3E20C}"
EndProject
Global
	GlobalSection(SolutionConfigurationPlatforms) = preSolution
		Debug|x64 = Debug|x64
		Debug|x86 = Debug|x86
		nsight|x64 = nsight|x64
		nsight|x86 = nsight|x86
		Release|x64 = Release|x64
		Release|x86 = Release|x86
	EndGlobalSection
	GlobalSection(ProjectConfigurationPlatforms) = postSolution
		{3A23D353-E7EA-497D-8024-8B3BD3D3E20C}.Debug|x64.ActiveCfg = Debug|x64
		{3A23D353-E7EA-497D-8024-8B3BD3D3E20C}.Debug|x64.Build.0 = Debug|x64
		{3A23D353-E7EA-497D-8024-8B3BD3D3E20C}.Debug|x86.ActiveCfg = Debug|Win32
		{3A23D353-E7EA-497D-8024-8B3BD3D3E20C}.Debug|x86.Build.0 = Debug|Win32
		{3A23D353-E7EA-497D-8024-8B3BD3D3E20C}.nsight|x64.ActiveCfg = nsight|x64
		{3A23D353-E7EA-497D-8024-8B3BD3D3E20C}.nsight|x64.Build.0 = nsight|x64
		{3A23D353-E7EA-497D-8024-8B3BD3D3E20C}.nsight|x86.ActiveCfg = nsight|Win32
		{3A23D353-E7EA-497D-8024-8B3BD3D3E20C}.nsight|x86.Build.0 = nsight|Win32
		{3A23D353-E7EA-497D-8024-8B3BD3D3E20C}.Release|x64.ActiveCfg = Release|x64
		{3A23D353-E7EA-497D-8024-8B3BD3D3E20C}.Release|x64.Build.0 = Release|x64
		{3A23D353-E7EA-497D-8024-8B3BD3D3E20C}.Release|x86.ActiveCfg = Release|Win32
		{3A23D353-E7EA-497D-8024-8B3BD3D3E20C}.Release|x86.Build.0 = Release|Win32
	EndGlobalSection
	GlobalSection(SolutionProperties) = preSolution
		HideSolutionNode = FALSE
	EndGlobalSection
	GlobalSection(ExtensibilityGlobals) = postSolution
		SolutionGuid = {7E0B8188-1177-4E5B-BF4B-E572A2009B97}
	EndGlobalSection
EndGlobal
